
Microsoft Visual Studio Solution File, Format Version 12.00
# Visual Studio Version 16
VisualStudioVersion = 16.0.30523.141
MinimumVisualStudioVersion = 10.0.40219.1
Project("{9A19103F-16F7-4668-BE54-9A1E7A4F7556}") = "DevIO.Business", "src\DevIO.Business\DevIO.Business.csproj", "{6B67669F-1C6B-40A2-B845-CB24F57A5231}"
EndProject
Project("{9A19103F-16F7-4668-BE54-9A1E7A4F7556}") = "DevIO.Data", "src\DevIO.Data\DevIO.Data.csproj", "{F2717F83-AB57-43A4-B510-7EDDCFDBE548}"
EndProject
Project("{FAE04EC0-301F-11D3-BF4B-00C04F79EFBC}") = "DevIO.Api", "src\DevIO.Api\DevIO.Api.csproj", "{27DF8213-E5E0-4F50-B295-2C828E9D7010}"
EndProject
Global
	GlobalSection(SolutionConfigurationPlatforms) = preSolution
		Debug|Any CPU = Debug|Any CPU
		Release|Any CPU = Release|Any CPU
	EndGlobalSection
	GlobalSection(ProjectConfigurationPlatforms) = postSolution
		{6B67669F-1C6B-40A2-B845-CB24F57A5231}.Debug|Any CPU.ActiveCfg = Debug|Any CPU
		{6B67669F-1C6B-40A2-B845-CB24F57A5231}.Debug|Any CPU.Build.0 = Debug|Any CPU
		{6B67669F-1C6B-40A2-B845-CB24F57A5231}.Release|Any CPU.ActiveCfg = Release|Any CPU
		{6B67669F-1C6B-40A2-B845-CB24F57A5231}.Release|Any CPU.Build.0 = Release|Any CPU
		{F2717F83-AB57-43A4-B510-7EDDCFDBE548}.Debug|Any CPU.ActiveCfg = Debug|Any CPU
		{F2717F83-AB57-43A4-B510-7EDDCFDBE548}.Debug|Any CPU.Build.0 = Debug|Any CPU
		{F2717F83-AB57-43A4-B510-7EDDCFDBE548}.Release|Any CPU.ActiveCfg = Release|Any CPU
		{F2717F83-AB57-43A4-B510-7EDDCFDBE548}.Release|Any CPU.Build.0 = Release|Any CPU
		{27DF8213-E5E0-4F50-B295-2C828E9D7010}.Debug|Any CPU.ActiveCfg = Debug|Any CPU
		{27DF8213-E5E0-4F50-B295-2C828E9D7010}.Debug|Any CPU.Build.0 = Debug|Any CPU
		{27DF8213-E5E0-4F50-B295-2C828E9D7010}.Release|Any CPU.ActiveCfg = Release|Any CPU
		{27DF8213-E5E0-4F50-B295-2C828E9D7010}.Release|Any CPU.Build.0 = Release|Any CPU
	EndGlobalSection
	GlobalSection(SolutionProperties) = preSolution
		HideSolutionNode = FALSE
	EndGlobalSection
	GlobalSection(ExtensibilityGlobals) = postSolution
		SolutionGuid = {6E8A4B47-53E6-486B-8395-81CC9B2AEBBC}
	EndGlobalSection
EndGlobal
